
Microsoft Visual Studio Solution File, Format Version 12.00
# Visual Studio 14
VisualStudioVersion = 14.0.24720.0
MinimumVisualStudioVersion = 10.0.40219.1
Project("{FAE04EC0-301F-11D3-BF4B-00C04F79EFBC}") = "Muzik", "Muzik\Muzik.csproj", "{64B036FD-0C5F-409B-ABAC-E87CD1FE8CCE}"
EndProject
Project("{FAE04EC0-301F-11D3-BF4B-00C04F79EFBC}") = "API", "API\API.csproj", "{E7685FEC-17E3-4292-BD8E-86DD618622DE}"
EndProject
Project("{FAE04EC0-301F-11D3-BF4B-00C04F79EFBC}") = "BLL", "BLL\BLL.csproj", "{11564C7B-D751-4BF8-9813-07C9C5BC8980}"
EndProject
Project("{FAE04EC0-301F-11D3-BF4B-00C04F79EFBC}") = "DAL", "DAL\DAL.csproj", "{4D41B5AE-B1B5-4D35-A8C8-029D9731298B}"
EndProject
Project("{FAE04EC0-301F-11D3-BF4B-00C04F79EFBC}") = "Entitiy", "Entitiy\Entitiy.csproj", "{CE8D88E2-8CD3-4815-90E8-72BD12101B86}"
EndProject
Global
	GlobalSection(SolutionConfigurationPlatforms) = preSolution
		Debug|Any CPU = Debug|Any CPU
		Release|Any CPU = Release|Any CPU
	EndGlobalSection
	GlobalSection(ProjectConfigurationPlatforms) = postSolution
		{64B036FD-0C5F-409B-ABAC-E87CD1FE8CCE}.Debug|Any CPU.ActiveCfg = Debug|Any CPU
		{64B036FD-0C5F-409B-ABAC-E87CD1FE8CCE}.Debug|Any CPU.Build.0 = Debug|Any CPU
		{64B036FD-0C5F-409B-ABAC-E87CD1FE8CCE}.Release|Any CPU.ActiveCfg = Release|Any CPU
		{64B036FD-0C5F-409B-ABAC-E87CD1FE8CCE}.Release|Any CPU.Build.0 = Release|Any CPU
		{E7685FEC-17E3-4292-BD8E-86DD618622DE}.Debug|Any CPU.ActiveCfg = Debug|Any CPU
		{E7685FEC-17E3-4292-BD8E-86DD618622DE}.Debug|Any CPU.Build.0 = Debug|Any CPU
		{E7685FEC-17E3-4292-BD8E-86DD618622DE}.Release|Any CPU.ActiveCfg = Release|Any CPU
		{E7685FEC-17E3-4292-BD8E-86DD618622DE}.Release|Any CPU.Build.0 = Release|Any CPU
		{11564C7B-D751-4BF8-9813-07C9C5BC8980}.Debug|Any CPU.ActiveCfg = Debug|Any CPU
		{11564C7B-D751-4BF8-9813-07C9C5BC8980}.Debug|Any CPU.Build.0 = Debug|Any CPU
		{11564C7B-D751-4BF8-9813-07C9C5BC8980}.Release|Any CPU.ActiveCfg = Release|Any CPU
		{11564C7B-D751-4BF8-9813-07C9C5BC8980}.Release|Any CPU.Build.0 = Release|Any CPU
		{4D41B5AE-B1B5-4D35-A8C8-029D9731298B}.Debug|Any CPU.ActiveCfg = Debug|Any CPU
		{4D41B5AE-B1B5-4D35-A8C8-029D9731298B}.Debug|Any CPU.Build.0 = Debug|Any CPU
		{4D41B5AE-B1B5-4D35-A8C8-029D9731298B}.Release|Any CPU.ActiveCfg = Release|Any CPU
		{4D41B5AE-B1B5-4D35-A8C8-029D9731298B}.Release|Any CPU.Build.0 = Release|Any CPU
		{CE8D88E2-8CD3-4815-90E8-72BD12101B86}.Debug|Any CPU.ActiveCfg = Debug|Any CPU
		{CE8D88E2-8CD3-4815-90E8-72BD12101B86}.Debug|Any CPU.Build.0 = Debug|Any CPU
		{CE8D88E2-8CD3-4815-90E8-72BD12101B86}.Release|Any CPU.ActiveCfg = Release|Any CPU
		{CE8D88E2-8CD3-4815-90E8-72BD12101B86}.Release|Any CPU.Build.0 = Release|Any CPU
	EndGlobalSection
	GlobalSection(SolutionProperties) = preSolution
		HideSolutionNode = FALSE
	EndGlobalSection
EndGlobal
